
Microsoft Visual Studio Solution File, Format Version 12.00
# Visual Studio Version 17
VisualStudioVersion = 17.11.35312.102
MinimumVisualStudioVersion = 10.0.40219.1
Project("{2150E333-8FDC-42A3-9474-1A3956D46DE8}") = "Commons", "Commons", "{E0E723A4-2F5D-45BF-B996-82F0E4C1DC82}"
EndProject
Project("{2150E333-8FDC-42A3-9474-1A3956D46DE8}") = "Engines", "Engines", "{153E2668-BADF-4446-A826-F07AD50B713A}"
EndProject
Project("{2150E333-8FDC-42A3-9474-1A3956D46DE8}") = "Apps", "Apps", "{72CD2756-46F0-4C2F-97B7-442425CD2277}"
EndProject
Project("{9A19103F-16F7-4668-BE54-9A1E7A4F7556}") = "Common", "Commons\Common\Common.csproj", "{B174A472-566B-4CBC-A5C1-67998A303AE5}"
EndProject
Project("{9A19103F-16F7-4668-BE54-9A1E7A4F7556}") = "Engine.TelegramBot", "Engines\Engine.TelegramBot\Engine.TelegramBot.csproj", "{7C98B6AD-96F6-4EB6-B6E0-07512B007D4F}"
EndProject
Project("{9A19103F-16F7-4668-BE54-9A1E7A4F7556}") = "PlugUtopia.Console", "Apps\PlugUtopia.Console\PlugUtopia.Console.csproj", "{A6C04E97-1FF5-4B5C-B517-E8C655D53D4D}"
EndProject
Project("{9A19103F-16F7-4668-BE54-9A1E7A4F7556}") = "PlugUtopia.Api", "Apps\PlugUtopia.Api\PlugUtopia.Api.csproj", "{EBBD6372-0EEE-4CFA-9444-C0C91BB2F8DA}"
EndProject
Project("{9A19103F-16F7-4668-BE54-9A1E7A4F7556}") = "Common.Plugin", "Commons\Common.Plugin\Common.Plugin.csproj", "{470099C0-76BD-45BD-87FE-8F6F0EB2510A}"
EndProject
Project("{9A19103F-16F7-4668-BE54-9A1E7A4F7556}") = "Common.Engine", "Commons\Common.Engine\Common.Engine.csproj", "{FD05F016-BA86-47C7-9D30-E1FE60ADA99D}"
EndProject
Project("{2150E333-8FDC-42A3-9474-1A3956D46DE8}") = "Blazor", "Blazor", "{00E36C9C-EFA7-4AB4-BD99-1D538BC62B4A}"
EndProject
Project("{9A19103F-16F7-4668-BE54-9A1E7A4F7556}") = "PlugUtopia.Blazor", "Apps\Blazor\PlugUtopia.Blazor\PlugUtopia.Blazor.csproj", "{A1D315FF-DB3A-482D-BC0E-82C382C44A4D}"
EndProject
Project("{9A19103F-16F7-4668-BE54-9A1E7A4F7556}") = "PlugUtopia.Blazor.Client", "Apps\Blazor\PlugUtopia.Blazor.Client\PlugUtopia.Blazor.Client.csproj", "{2DB1ABC0-AE65-409B-B0D8-50CA10FECEFF}"
EndProject
Project("{9A19103F-16F7-4668-BE54-9A1E7A4F7556}") = "Common.Model", "Commons\Common.Model\Common.Model.csproj", "{508731F1-501B-418C-8835-32A9A0562A4E}"
EndProject
Project("{9A19103F-16F7-4668-BE54-9A1E7A4F7556}") = "Common.Plugin.Utils", "Commons\Common.Plugin.Utils\Common.Plugin.Utils.csproj", "{A16CAEB6-9CDB-4CFF-8888-389CC5B026F3}"
EndProject
Project("{2150E333-8FDC-42A3-9474-1A3956D46DE8}") = "Tests", "Tests", "{5424859A-F603-45D6-91D0-41BD835A61E8}"
EndProject
Project("{9A19103F-16F7-4668-BE54-9A1E7A4F7556}") = "Common.Tests", "Tests\Common.Tests\Common.Tests.csproj", "{5136382A-CD8F-4917-98A2-D22DCC59D9F8}"
EndProject
Project("{9A19103F-16F7-4668-BE54-9A1E7A4F7556}") = "Common.Plugin.Utils.Tests", "Tests\Common.Plugin.Utils.Tests\Common.Plugin.Utils.Tests.csproj", "{88AD5964-FEA8-49D2-9484-E9EEBB00B4FD}"
EndProject
Global
	GlobalSection(SolutionConfigurationPlatforms) = preSolution
		Debug|Any CPU = Debug|Any CPU
		Release|Any CPU = Release|Any CPU
	EndGlobalSection
	GlobalSection(ProjectConfigurationPlatforms) = postSolution
		{B174A472-566B-4CBC-A5C1-67998A303AE5}.Debug|Any CPU.ActiveCfg = Debug|Any CPU
		{B174A472-566B-4CBC-A5C1-67998A303AE5}.Debug|Any CPU.Build.0 = Debug|Any CPU
		{B174A472-566B-4CBC-A5C1-67998A303AE5}.Release|Any CPU.ActiveCfg = Release|Any CPU
		{B174A472-566B-4CBC-A5C1-67998A303AE5}.Release|Any CPU.Build.0 = Release|Any CPU
		{7C98B6AD-96F6-4EB6-B6E0-07512B007D4F}.Debug|Any CPU.ActiveCfg = Debug|Any CPU
		{7C98B6AD-96F6-4EB6-B6E0-07512B007D4F}.Debug|Any CPU.Build.0 = Debug|Any CPU
		{7C98B6AD-96F6-4EB6-B6E0-07512B007D4F}.Release|Any CPU.ActiveCfg = Release|Any CPU
		{7C98B6AD-96F6-4EB6-B6E0-07512B007D4F}.Release|Any CPU.Build.0 = Release|Any CPU
		{A6C04E97-1FF5-4B5C-B517-E8C655D53D4D}.Debug|Any CPU.ActiveCfg = Debug|Any CPU
		{A6C04E97-1FF5-4B5C-B517-E8C655D53D4D}.Debug|Any CPU.Build.0 = Debug|Any CPU
		{A6C04E97-1FF5-4B5C-B517-E8C655D53D4D}.Release|Any CPU.ActiveCfg = Release|Any CPU
		{A6C04E97-1FF5-4B5C-B517-E8C655D53D4D}.Release|Any CPU.Build.0 = Release|Any CPU
		{EBBD6372-0EEE-4CFA-9444-C0C91BB2F8DA}.Debug|Any CPU.ActiveCfg = Debug|Any CPU
		{EBBD6372-0EEE-4CFA-9444-C0C91BB2F8DA}.Debug|Any CPU.Build.0 = Debug|Any CPU
		{EBBD6372-0EEE-4CFA-9444-C0C91BB2F8DA}.Release|Any CPU.ActiveCfg = Release|Any CPU
		{EBBD6372-0EEE-4CFA-9444-C0C91BB2F8DA}.Release|Any CPU.Build.0 = Release|Any CPU
		{470099C0-76BD-45BD-87FE-8F6F0EB2510A}.Debug|Any CPU.ActiveCfg = Debug|Any CPU
		{470099C0-76BD-45BD-87FE-8F6F0EB2510A}.Debug|Any CPU.Build.0 = Debug|Any CPU
		{470099C0-76BD-45BD-87FE-8F6F0EB2510A}.Release|Any CPU.ActiveCfg = Release|Any CPU
		{470099C0-76BD-45BD-87FE-8F6F0EB2510A}.Release|Any CPU.Build.0 = Release|Any CPU
		{FD05F016-BA86-47C7-9D30-E1FE60ADA99D}.Debug|Any CPU.ActiveCfg = Debug|Any CPU
		{FD05F016-BA86-47C7-9D30-E1FE60ADA99D}.Debug|Any CPU.Build.0 = Debug|Any CPU
		{FD05F016-BA86-47C7-9D30-E1FE60ADA99D}.Release|Any CPU.ActiveCfg = Release|Any CPU
		{FD05F016-BA86-47C7-9D30-E1FE60ADA99D}.Release|Any CPU.Build.0 = Release|Any CPU
		{A1D315FF-DB3A-482D-BC0E-82C382C44A4D}.Debug|Any CPU.ActiveCfg = Debug|Any CPU
		{A1D315FF-DB3A-482D-BC0E-82C382C44A4D}.Debug|Any CPU.Build.0 = Debug|Any CPU
		{A1D315FF-DB3A-482D-BC0E-82C382C44A4D}.Release|Any CPU.ActiveCfg = Release|Any CPU
		{A1D315FF-DB3A-482D-BC0E-82C382C44A4D}.Release|Any CPU.Build.0 = Release|Any CPU
		{2DB1ABC0-AE65-409B-B0D8-50CA10FECEFF}.Debug|Any CPU.ActiveCfg = Debug|Any CPU
		{2DB1ABC0-AE65-409B-B0D8-50CA10FECEFF}.Debug|Any CPU.Build.0 = Debug|Any CPU
		{2DB1ABC0-AE65-409B-B0D8-50CA10FECEFF}.Release|Any CPU.ActiveCfg = Release|Any CPU
		{2DB1ABC0-AE65-409B-B0D8-50CA10FECEFF}.Release|Any CPU.Build.0 = Release|Any CPU
		{508731F1-501B-418C-8835-32A9A0562A4E}.Debug|Any CPU.ActiveCfg = Debug|Any CPU
		{508731F1-501B-418C-8835-32A9A0562A4E}.Debug|Any CPU.Build.0 = Debug|Any CPU
		{508731F1-501B-418C-8835-32A9A0562A4E}.Release|Any CPU.ActiveCfg = Release|Any CPU
		{508731F1-501B-418C-8835-32A9A0562A4E}.Release|Any CPU.Build.0 = Release|Any CPU
		{A16CAEB6-9CDB-4CFF-8888-389CC5B026F3}.Debug|Any CPU.ActiveCfg = Debug|Any CPU
		{A16CAEB6-9CDB-4CFF-8888-389CC5B026F3}.Debug|Any CPU.Build.0 = Debug|Any CPU
		{A16CAEB6-9CDB-4CFF-8888-389CC5B026F3}.Release|Any CPU.ActiveCfg = Release|Any CPU
		{A16CAEB6-9CDB-4CFF-8888-389CC5B026F3}.Release|Any CPU.Build.0 = Release|Any CPU
		{5136382A-CD8F-4917-98A2-D22DCC59D9F8}.Debug|Any CPU.ActiveCfg = Debug|Any CPU
		{5136382A-CD8F-4917-98A2-D22DCC59D9F8}.Debug|Any CPU.Build.0 = Debug|Any CPU
		{5136382A-CD8F-4917-98A2-D22DCC59D9F8}.Release|Any CPU.ActiveCfg = Release|Any CPU
		{5136382A-CD8F-4917-98A2-D22DCC59D9F8}.Release|Any CPU.Build.0 = Release|Any CPU
		{88AD5964-FEA8-49D2-9484-E9EEBB00B4FD}.Debug|Any CPU.ActiveCfg = Debug|Any CPU
		{88AD5964-FEA8-49D2-9484-E9EEBB00B4FD}.Debug|Any CPU.Build.0 = Debug|Any CPU
		{88AD5964-FEA8-49D2-9484-E9EEBB00B4FD}.Release|Any CPU.ActiveCfg = Release|Any CPU
		{88AD5964-FEA8-49D2-9484-E9EEBB00B4FD}.Release|Any CPU.Build.0 = Release|Any CPU
	EndGlobalSection
	GlobalSection(SolutionProperties) = preSolution
		HideSolutionNode = FALSE
	EndGlobalSection
	GlobalSection(NestedProjects) = preSolution
		{B174A472-566B-4CBC-A5C1-67998A303AE5} = {E0E723A4-2F5D-45BF-B996-82F0E4C1DC82}
		{7C98B6AD-96F6-4EB6-B6E0-07512B007D4F} = {153E2668-BADF-4446-A826-F07AD50B713A}
		{A6C04E97-1FF5-4B5C-B517-E8C655D53D4D} = {72CD2756-46F0-4C2F-97B7-442425CD2277}
		{EBBD6372-0EEE-4CFA-9444-C0C91BB2F8DA} = {72CD2756-46F0-4C2F-97B7-442425CD2277}
		{470099C0-76BD-45BD-87FE-8F6F0EB2510A} = {E0E723A4-2F5D-45BF-B996-82F0E4C1DC82}
		{FD05F016-BA86-47C7-9D30-E1FE60ADA99D} = {E0E723A4-2F5D-45BF-B996-82F0E4C1DC82}
		{00E36C9C-EFA7-4AB4-BD99-1D538BC62B4A} = {72CD2756-46F0-4C2F-97B7-442425CD2277}
		{A1D315FF-DB3A-482D-BC0E-82C382C44A4D} = {00E36C9C-EFA7-4AB4-BD99-1D538BC62B4A}
		{2DB1ABC0-AE65-409B-B0D8-50CA10FECEFF} = {00E36C9C-EFA7-4AB4-BD99-1D538BC62B4A}
		{508731F1-501B-418C-8835-32A9A0562A4E} = {E0E723A4-2F5D-45BF-B996-82F0E4C1DC82}
		{A16CAEB6-9CDB-4CFF-8888-389CC5B026F3} = {E0E723A4-2F5D-45BF-B996-82F0E4C1DC82}
		{5136382A-CD8F-4917-98A2-D22DCC59D9F8} = {5424859A-F603-45D6-91D0-41BD835A61E8}
		{88AD5964-FEA8-49D2-9484-E9EEBB00B4FD} = {5424859A-F603-45D6-91D0-41BD835A61E8}
	EndGlobalSection
	GlobalSection(ExtensibilityGlobals) = postSolution
		SolutionGuid = {1F46B3C1-8089-42A5-BB9A-4836BC980828}
	EndGlobalSection
EndGlobal
